# @generated - this file is auto-generated by `mise lock` https://mise.jdx.dev/dev-tools/mise-lock.html

lockfile_version = 1

[[tools."aqua:nextest-rs/nextest/cargo-nextest"]]
version = "0.9.144"
backend = "aqua:nextest-rs/nextest/cargo-nextest"
specifiers = ["latest"]

[tools."aqua:nextest-rs/nextest/cargo-nextest"."platforms.linux-arm64"]
checksum = "sha256:7fecfd431b810c05c589d800524286b8f80ce2fe9fb1fef05caf16d095cea407"
url = "https://github.com/nextest-rs/nextest/releases/download/cargo-nextest-0.9.144/cargo-nextest-0.9.144-aarch64-unknown-linux-gnu.tar.gz"
url_api = "https://api.github.com/repos/nextest-rs/nextest/releases/assets/555799802"

[tools."aqua:nextest-rs/nextest/cargo-nextest"."platforms.linux-arm64-musl"]
checksum = "sha256:1b17ee6d30820c9c993dd0745fdab5df9b3d8706e67f9bf72c31979180ee60d9"
url = "https://github.com/nextest-rs/nextest/releases/download/cargo-nextest-0.9.144/cargo-nextest-0.9.144-aarch64-unknown-linux-musl.tar.gz"
url_api = "https://api.github.com/repos/nextest-rs/nextest/releases/assets/555798088"

[tools."aqua:nextest-rs/nextest/cargo-nextest"."platforms.linux-x64"]
checksum = "sha256:8a4f726272b0a1c499bd87ca3978bfbb1a8c20bb08ccf075b9996e2081bd1e1e"
url = "https://github.com/nextest-rs/nextest/releases/download/cargo-nextest-0.9.144/cargo-nextest-0.9.144-x86_64-unknown-linux-gnu.tar.gz"
url_api = "https://api.github.com/repos/nextest-rs/nextest/releases/assets/555799959"

[tools."aqua:nextest-rs/nextest/cargo-nextest"."platforms.linux-x64-musl"]
checksum = "sha256:20ed0a7d3d6f8dda9bb1b0bcb5838aea5784d3e2360746280868996d709dde0a"
url = "https://github.com/nextest-rs/nextest/releases/download/cargo-nextest-0.9.144/cargo-nextest-0.9.144-x86_64-unknown-linux-musl.tar.gz"
url_api = "https://api.github.com/repos/nextest-rs/nextest/releases/assets/555798324"

[tools."aqua:nextest-rs/nextest/cargo-nextest"."platforms.macos-arm64"]
checksum = "sha256:87472b2c3ee09154cadd34d168a5cdede478806810f095c3dc4dc499943da42e"
url = "https://github.com/nextest-rs/nextest/releases/download/cargo-nextest-0.9.144/cargo-nextest-0.9.144-universal-apple-darwin.tar.gz"
url_api = "https://api.github.com/repos/nextest-rs/nextest/releases/assets/555817983"

[tools."aqua:nextest-rs/nextest/cargo-nextest"."platforms.macos-x64"]
checksum = "sha256:87472b2c3ee09154cadd34d168a5cdede478806810f095c3dc4dc499943da42e"
url = "https://github.com/nextest-rs/nextest/releases/download/cargo-nextest-0.9.144/cargo-nextest-0.9.144-universal-apple-darwin.tar.gz"
url_api = "https://api.github.com/repos/nextest-rs/nextest/releases/assets/555817983"

[tools."aqua:nextest-rs/nextest/cargo-nextest"."platforms.windows-x64"]
checksum = "sha256:b0d6a6569d4ef63a095c5a574a6856c17fb755b51a02a17e4651e738e9192831"
url = "https://github.com/nextest-rs/nextest/releases/download/cargo-nextest-0.9.144/cargo-nextest-0.9.144-x86_64-pc-windows-msvc.tar.gz"
url_api = "https://api.github.com/repos/nextest-rs/nextest/releases/assets/555805900"

[[tools."aqua:tamasfe/taplo"]]
version = "0.10.0"
backend = "aqua:tamasfe/taplo"
specifiers = ["latest"]

[tools."aqua:tamasfe/taplo"."platforms.linux-arm64"]
url = "https://github.com/tamasfe/taplo/releases/download/0.10.0/taplo-linux-aarch64.gz"
url_api = "https://api.github.com/repos/tamasfe/taplo/releases/assets/257322597"

[tools."aqua:tamasfe/taplo"."platforms.linux-arm64-musl"]
url = "https://github.com/tamasfe/taplo/releases/download/0.10.0/taplo-linux-aarch64.gz"
url_api = "https://api.github.com/repos/tamasfe/taplo/releases/assets/257322597"

[tools."aqua:tamasfe/taplo"."platforms.linux-x64"]
checksum = "blake3:4871fab0e60275a1eb46e7190726e144f56c9a9527f59b0d1da5a042baead8e2"
url = "https://github.com/tamasfe/taplo/releases/download/0.10.0/taplo-linux-x86_64.gz"
url_api = "https://api.github.com/repos/tamasfe/taplo/releases/assets/257322600"

[tools."aqua:tamasfe/taplo"."platforms.linux-x64-musl"]
url = "https://github.com/tamasfe/taplo/releases/download/0.10.0/taplo-linux-x86_64.gz"
url_api = "https://api.github.com/repos/tamasfe/taplo/releases/assets/257322600"

[tools."aqua:tamasfe/taplo"."platforms.macos-arm64"]
url = "https://github.com/tamasfe/taplo/releases/download/0.10.0/taplo-darwin-aarch64.gz"
url_api = "https://api.github.com/repos/tamasfe/taplo/releases/assets/257323110"

[tools."aqua:tamasfe/taplo"."platforms.macos-x64"]
url = "https://github.com/tamasfe/taplo/releases/download/0.10.0/taplo-darwin-x86_64.gz"
url_api = "https://api.github.com/repos/tamasfe/taplo/releases/assets/257323116"

[tools."aqua:tamasfe/taplo"."platforms.windows-x64"]
url = "https://github.com/tamasfe/taplo/releases/download/0.10.0/taplo-windows-x86_64.zip"
url_api = "https://api.github.com/repos/tamasfe/taplo/releases/assets/257323062"

[[tools.cargo-dist]]
version = "0.33.0"
backend = "aqua:axodotdev/cargo-dist"
specifiers = ["latest"]

[tools.cargo-dist."platforms.linux-arm64"]
checksum = "sha256:9c554ab21a58ad46eb9b6710f89633ccb26bc2577cf4b0c2d18a5b826a31913e"
url = "https://github.com/axodotdev/cargo-dist/releases/download/v0.33.0/cargo-dist-aarch64-unknown-linux-gnu.tar.xz"
url_api = "https://api.github.com/repos/axodotdev/cargo-dist/releases/assets/556576962"
provenance = "github-attestations"

[tools.cargo-dist."platforms.linux-arm64-musl"]
checksum = "sha256:4761cff5fc547ad66d1449abbf321380b0e6bd8093b1fe6593852a3314fd0c19"
url = "https://github.com/axodotdev/cargo-dist/releases/download/v0.33.0/cargo-dist-aarch64-unknown-linux-musl.tar.xz"
url_api = "https://api.github.com/repos/axodotdev/cargo-dist/releases/assets/556576967"
provenance = "github-attestations"

[tools.cargo-dist."platforms.linux-x64"]
checksum = "sha256:4b3f0a5f0ebbdb798f6db649d01b32ba1518376b6f7a0502b7d92b75cc2c8293"
url = "https://github.com/axodotdev/cargo-dist/releases/download/v0.33.0/cargo-dist-x86_64-unknown-linux-gnu.tar.xz"
url_api = "https://api.github.com/repos/axodotdev/cargo-dist/releases/assets/556576992"
provenance = "github-attestations"

[tools.cargo-dist."platforms.linux-x64-musl"]
checksum = "sha256:b8e95bc76c63375958173ef5ae2dbd8e9211cc1ed03cdee0899702766b4c2a2e"
url = "https://github.com/axodotdev/cargo-dist/releases/download/v0.33.0/cargo-dist-x86_64-unknown-linux-musl.tar.xz"
url_api = "https://api.github.com/repos/axodotdev/cargo-dist/releases/assets/556576998"
provenance = "github-attestations"

[tools.cargo-dist."platforms.macos-arm64"]
checksum = "sha256:7b3cbe25511de01d74c0f5fcb7909edabd379bea9cfa284d93af5a3cdfa3247c"
url = "https://github.com/axodotdev/cargo-dist/releases/download/v0.33.0/cargo-dist-aarch64-apple-darwin.tar.xz"
url_api = "https://api.github.com/repos/axodotdev/cargo-dist/releases/assets/556576963"
provenance = "github-attestations"

[tools.cargo-dist."platforms.macos-x64"]
checksum = "sha256:6a49bfb61bd86770d79c27f3d2b40c6b2e71cde940d3d31a6ccaaffc124d7a29"
url = "https://github.com/axodotdev/cargo-dist/releases/download/v0.33.0/cargo-dist-x86_64-apple-darwin.tar.xz"
url_api = "https://api.github.com/repos/axodotdev/cargo-dist/releases/assets/556576979"
provenance = "github-attestations"

[tools.cargo-dist."platforms.windows-x64"]
checksum = "sha256:9a36d70795e14326a5ec4bf17aee085df00ab85a322739291ea5d4b1b5f693cd"
url = "https://github.com/axodotdev/cargo-dist/releases/download/v0.33.0/cargo-dist-x86_64-pc-windows-msvc.zip"
url_api = "https://api.github.com/repos/axodotdev/cargo-dist/releases/assets/556576987"
provenance = "github-attestations"

[[tools."cargo:cargo-sort"]]
version = "2.1.4"
backend = "cargo:cargo-sort"
specifiers = ["latest"]

[[tools.cmake]]
version = "4.4.3"
backend = "aqua:Kitware/CMake"
specifiers = ["latest"]

[tools.cmake."platforms.linux-arm64"]
checksum = "sha256:2efc974dbd63b4444c0e8494b92f2e80c2d7e635b4b80eac2916985ddd8f72a6"
url = "https://github.com/Kitware/CMake/releases/download/v4.4.3/cmake-4.4.3-linux-aarch64.tar.gz"
url_api = "https://api.github.com/repos/Kitware/CMake/releases/assets/529577299"

[tools.cmake."platforms.linux-arm64-musl"]
checksum = "sha256:2efc974dbd63b4444c0e8494b92f2e80c2d7e635b4b80eac2916985ddd8f72a6"
url = "https://github.com/Kitware/CMake/releases/download/v4.4.3/cmake-4.4.3-linux-aarch64.tar.gz"
url_api = "https://api.github.com/repos/Kitware/CMake/releases/assets/529577299"

[tools.cmake."platforms.linux-x64"]
checksum = "sha256:d6c83076c575bc00b823522ac974bda66d0af05d6ddc30e739c12385cf32c6cc"
url = "https://github.com/Kitware/CMake/releases/download/v4.4.3/cmake-4.4.3-linux-x86_64.tar.gz"
url_api = "https://api.github.com/repos/Kitware/CMake/releases/assets/529577408"

[tools.cmake."platforms.linux-x64-musl"]
checksum = "sha256:d6c83076c575bc00b823522ac974bda66d0af05d6ddc30e739c12385cf32c6cc"
url = "https://github.com/Kitware/CMake/releases/download/v4.4.3/cmake-4.4.3-linux-x86_64.tar.gz"
url_api = "https://api.github.com/repos/Kitware/CMake/releases/assets/529577408"

[tools.cmake."platforms.macos-arm64"]
checksum = "sha256:0c5d65251c14cc884bfa16bdbed3c263ce5bffe2e21c0d0d00962cb0610464fa"
url = "https://github.com/Kitware/CMake/releases/download/v4.4.3/cmake-4.4.3-macos-universal.tar.gz"
url_api = "https://api.github.com/repos/Kitware/CMake/releases/assets/529577557"

[tools.cmake."platforms.macos-x64"]
checksum = "sha256:0c5d65251c14cc884bfa16bdbed3c263ce5bffe2e21c0d0d00962cb0610464fa"
url = "https://github.com/Kitware/CMake/releases/download/v4.4.3/cmake-4.4.3-macos-universal.tar.gz"
url_api = "https://api.github.com/repos/Kitware/CMake/releases/assets/529577557"

[tools.cmake."platforms.windows-x64"]
checksum = "sha256:4d52ebab7193a698651639ed80d8d04fd903358843572cf44c7fd234cb7c26ab"
url = "https://github.com/Kitware/CMake/releases/download/v4.4.3/cmake-4.4.3-windows-x86_64.zip"
url_api = "https://api.github.com/repos/Kitware/CMake/releases/assets/529578311"

[[tools."github:aya-rs/bpf-linker"]]
version = "0.11.1"
backend = "github:aya-rs/bpf-linker"
specifiers = ["latest"]

[tools."github:aya-rs/bpf-linker"."platforms.linux-arm64"]
checksum = "sha256:341ec1c595496877cae2b073544c2226d78a922739632b5732dbaa48507f1380"
url = "https://github.com/aya-rs/bpf-linker/releases/download/v0.11.1/bpf-linker-aarch64-unknown-linux-musl.tar.zst"
url_api = "https://api.github.com/repos/aya-rs/bpf-linker/releases/assets/548788687"

[tools."github:aya-rs/bpf-linker"."platforms.linux-arm64-musl"]
checksum = "sha256:341ec1c595496877cae2b073544c2226d78a922739632b5732dbaa48507f1380"
url = "https://github.com/aya-rs/bpf-linker/releases/download/v0.11.1/bpf-linker-aarch64-unknown-linux-musl.tar.zst"
url_api = "https://api.github.com/repos/aya-rs/bpf-linker/releases/assets/548788687"

[tools."github:aya-rs/bpf-linker"."platforms.linux-x64"]
checksum = "sha256:e058a6aecc9e65fa4c977b298a8e4b738424d7629769fd352eed409fb57e16e8"
url = "https://github.com/aya-rs/bpf-linker/releases/download/v0.11.1/bpf-linker-x86_64-unknown-linux-musl.tar.zst"
url_api = "https://api.github.com/repos/aya-rs/bpf-linker/releases/assets/548788789"

[tools."github:aya-rs/bpf-linker"."platforms.linux-x64-musl"]
checksum = "sha256:e058a6aecc9e65fa4c977b298a8e4b738424d7629769fd352eed409fb57e16e8"
url = "https://github.com/aya-rs/bpf-linker/releases/download/v0.11.1/bpf-linker-x86_64-unknown-linux-musl.tar.zst"
url_api = "https://api.github.com/repos/aya-rs/bpf-linker/releases/assets/548788789"

[tools."github:aya-rs/bpf-linker"."platforms.macos-arm64"]
checksum = "sha256:39e4fca00117e74a834d9904283500e3b00213ce745df448b4757fc375544018"
url = "https://github.com/aya-rs/bpf-linker/releases/download/v0.11.1/bpf-linker-aarch64-apple-darwin.tar.zst"
url_api = "https://api.github.com/repos/aya-rs/bpf-linker/releases/assets/548788654"

[tools."github:aya-rs/bpf-linker"."platforms.macos-x64"]
checksum = "sha256:7771c941196dbb699df285737f9c954fafdda8b560fe5c3726d1a2872e3eacab"
url = "https://github.com/aya-rs/bpf-linker/releases/download/v0.11.1/bpf-linker-x86_64-apple-darwin.tar.zst"
url_api = "https://api.github.com/repos/aya-rs/bpf-linker/releases/assets/548788710"

[tools."github:aya-rs/bpf-linker"."platforms.windows-x64"]
checksum = "sha256:0afb407265502082776c1abd24cbafad44e2ac469a9d91b8439ff9f6f80c1d70"
url = "https://github.com/aya-rs/bpf-linker/releases/download/v0.11.1/bpf-linker-x86_64-pc-windows-gnullvm.tar.zst"
url_api = "https://api.github.com/repos/aya-rs/bpf-linker/releases/assets/548788745"

[[tools."github:casualjim/remark"]]
version = "0.6.2"
backend = "github:casualjim/remark"
specifiers = ["latest"]

[tools."github:casualjim/remark"."platforms.linux-arm64"]
checksum = "sha256:ddca05e340028c83956335b5d1f231dc94d5321d9f48c468a7ecc64c0122376d"
url = "https://github.com/casualjim/remark/releases/download/v0.6.2/remark-aarch64-unknown-linux-gnu.tar.xz"
url_api = "https://api.github.com/repos/casualjim/remark/releases/assets/536124365"

[tools."github:casualjim/remark"."platforms.linux-arm64-musl"]
checksum = "sha256:ddca05e340028c83956335b5d1f231dc94d5321d9f48c468a7ecc64c0122376d"
url = "https://github.com/casualjim/remark/releases/download/v0.6.2/remark-aarch64-unknown-linux-gnu.tar.xz"
url_api = "https://api.github.com/repos/casualjim/remark/releases/assets/536124365"

[tools."github:casualjim/remark"."platforms.linux-x64"]
checksum = "sha256:7e4ff4fd1f83f4d1964195567c2c9a22d7523a3f46ae35a14b0cc71ec2f3b498"
url = "https://github.com/casualjim/remark/releases/download/v0.6.2/remark-x86_64-unknown-linux-gnu.tar.xz"
url_api = "https://api.github.com/repos/casualjim/remark/releases/assets/536124391"

[tools."github:casualjim/remark"."platforms.linux-x64-musl"]
checksum = "sha256:7e4ff4fd1f83f4d1964195567c2c9a22d7523a3f46ae35a14b0cc71ec2f3b498"
url = "https://github.com/casualjim/remark/releases/download/v0.6.2/remark-x86_64-unknown-linux-gnu.tar.xz"
url_api = "https://api.github.com/repos/casualjim/remark/releases/assets/536124391"

[tools."github:casualjim/remark"."platforms.macos-arm64"]
checksum = "sha256:12bf1cdbdf1b09c47e089dc66efa78f7662a62169638e1492e8f4f9673dcaa4e"
url = "https://github.com/casualjim/remark/releases/download/v0.6.2/remark-aarch64-apple-darwin.tar.xz"
url_api = "https://api.github.com/repos/casualjim/remark/releases/assets/536124358"

[tools."github:casualjim/remark"."platforms.macos-x64"]
checksum = "sha256:9e8560943d8441987caf8a9fc30e9c4e223a368e06208b0c931cc67df2061878"
url = "https://github.com/casualjim/remark/releases/download/v0.6.2/source.tar.gz"
url_api = "https://api.github.com/repos/casualjim/remark/releases/assets/536124398"

[tools."github:casualjim/remark"."platforms.windows-x64"]
checksum = "sha256:052997ae7e1660a60cf0d87e11347b19ca7fca0743173854e1aa1f27738ecc6f"
url = "https://github.com/casualjim/remark/releases/download/v0.6.2/remark-x86_64-pc-windows-msvc.zip"
url_api = "https://api.github.com/repos/casualjim/remark/releases/assets/536124385"

[[tools.gum]]
version = "2.0.1"
backend = "aqua:charmbracelet/gum"
specifiers = ["latest"]

[tools.gum."platforms.linux-arm64"]
checksum = "sha256:6998202a8fea27bb2007f69e44ec5dcb4cff5268c62d995de857eee0e2cd52cb"
url = "https://github.com/charmbracelet/gum/releases/download/v2.0.1/gum_2.0.1_Linux_arm64.tar.gz"
url_api = "https://api.github.com/repos/charmbracelet/gum/releases/assets/556562997"
provenance = "cosign"

[tools.gum."platforms.linux-arm64-musl"]
checksum = "sha256:6998202a8fea27bb2007f69e44ec5dcb4cff5268c62d995de857eee0e2cd52cb"
url = "https://github.com/charmbracelet/gum/releases/download/v2.0.1/gum_2.0.1_Linux_arm64.tar.gz"
url_api = "https://api.github.com/repos/charmbracelet/gum/releases/assets/556562997"
provenance = "cosign"

[tools.gum."platforms.linux-x64"]
checksum = "sha256:4dfe4547f960813864c803b3617aa64427fa32ca566707fde949e08975297c48"
url = "https://github.com/charmbracelet/gum/releases/download/v2.0.1/gum_2.0.1_Linux_x86_64.tar.gz"
url_api = "https://api.github.com/repos/charmbracelet/gum/releases/assets/556563001"
provenance = "cosign"

[tools.gum."platforms.linux-x64-musl"]
checksum = "sha256:4dfe4547f960813864c803b3617aa64427fa32ca566707fde949e08975297c48"
url = "https://github.com/charmbracelet/gum/releases/download/v2.0.1/gum_2.0.1_Linux_x86_64.tar.gz"
url_api = "https://api.github.com/repos/charmbracelet/gum/releases/assets/556563001"
provenance = "cosign"

[tools.gum."platforms.macos-arm64"]
checksum = "sha256:994662daab6fcfe9dcfc57d87ca42bcae2948d86fa864f9010a3848fa9bb7d6e"
url = "https://github.com/charmbracelet/gum/releases/download/v2.0.1/gum_2.0.1_Darwin_arm64.tar.gz"
url_api = "https://api.github.com/repos/charmbracelet/gum/releases/assets/556563007"
provenance = "cosign"

[tools.gum."platforms.macos-x64"]
checksum = "sha256:4d125b60fbaa28ef1674bb16f3859ed4e813acb027a79d24603b598ea4a0b71f"
url = "https://github.com/charmbracelet/gum/releases/download/v2.0.1/gum_2.0.1_Darwin_x86_64.tar.gz"
url_api = "https://api.github.com/repos/charmbracelet/gum/releases/assets/556562991"
provenance = "cosign"

[tools.gum."platforms.windows-x64"]
checksum = "sha256:1d5e49d02339c185849992f4d1c49af337ac84933360341e3588100d34664f38"
url = "https://github.com/charmbracelet/gum/releases/download/v2.0.1/gum_2.0.1_Windows_x86_64.zip"
url_api = "https://api.github.com/repos/charmbracelet/gum/releases/assets/556563050"
provenance = "cosign"

[[tools.hadolint]]
version = "2.15.1"
backend = "aqua:hadolint/hadolint"
specifiers = ["latest"]

[tools.hadolint."platforms.linux-arm64"]
checksum = "sha256:f6198ef8090f404dbb771abfee086eb8c48ac177f30da7fd3510aca35b344b5d"
url = "https://github.com/hadolint/hadolint/releases/download/v2.15.1/hadolint-linux-arm64"
url_api = "https://api.github.com/repos/hadolint/hadolint/releases/assets/496546507"
provenance = "github-attestations"

[tools.hadolint."platforms.linux-arm64-musl"]
checksum = "sha256:f6198ef8090f404dbb771abfee086eb8c48ac177f30da7fd3510aca35b344b5d"
url = "https://github.com/hadolint/hadolint/releases/download/v2.15.1/hadolint-linux-arm64"
url_api = "https://api.github.com/repos/hadolint/hadolint/releases/assets/496546507"
provenance = "github-attestations"

[tools.hadolint."platforms.linux-x64"]
checksum = "sha256:c7187db94eeeeca956519a6af171adc31453941a1e777961f6e680f697c8c507"
url = "https://github.com/hadolint/hadolint/releases/download/v2.15.1/hadolint-linux-x86_64"
url_api = "https://api.github.com/repos/hadolint/hadolint/releases/assets/496546506"
provenance = "github-attestations"

[tools.hadolint."platforms.linux-x64-musl"]
checksum = "sha256:c7187db94eeeeca956519a6af171adc31453941a1e777961f6e680f697c8c507"
url = "https://github.com/hadolint/hadolint/releases/download/v2.15.1/hadolint-linux-x86_64"
url_api = "https://api.github.com/repos/hadolint/hadolint/releases/assets/496546506"
provenance = "github-attestations"

[tools.hadolint."platforms.macos-arm64"]
checksum = "sha256:5c09f3213f8e40406abe048233d985eebef336d4a6a20021be47fadb6cf480a2"
url = "https://github.com/hadolint/hadolint/releases/download/v2.15.1/hadolint-macos-arm64"
url_api = "https://api.github.com/repos/hadolint/hadolint/releases/assets/496546505"
provenance = "github-attestations"

[tools.hadolint."platforms.macos-x64"]
checksum = "sha256:ffe9bb18b23d5ed1eae50237aecdbb523d016e96da0bd4e7aa432040acfc3fde"
url = "https://github.com/hadolint/hadolint/releases/download/v2.15.1/hadolint-macos-x86_64"
url_api = "https://api.github.com/repos/hadolint/hadolint/releases/assets/496546509"
provenance = "github-attestations"

[tools.hadolint."platforms.windows-x64"]
checksum = "sha256:01d927294962b5387f9ead4f18679158452be4f17c765ad0bdffe5264b9c7b0a"
url = "https://github.com/hadolint/hadolint/releases/download/v2.15.1/hadolint-windows-x86_64.exe"
url_api = "https://api.github.com/repos/hadolint/hadolint/releases/assets/496546508"
provenance = "github-attestations"

[[tools.hk]]
version = "2.0.1"
backend = "packslip:github.com/jdx/hk"
specifiers = ["latest"]

[tools.hk."platforms.linux-arm64"]
checksum = "sha256:8a28f2737914bbffa8dd16f39a2fc65d85e9a52261789cf6a1affd6c6762fbc1"
url = "https://github.com/jdx/hk/releases/download/v2.0.1/hk-aarch64-unknown-linux-gnu.tar.gz"
signer = "sigstore-oidc:https://github.com/jdx/hk/.github/workflows/release.yml"

[tools.hk."platforms.linux-arm64-musl"]
checksum = "sha256:b75f54bf8a3679a13a01d250959ae77fab033ca5025eb557b76442c59efa8eb8"
url = "https://github.com/jdx/hk/releases/download/v2.0.1/hk-aarch64-unknown-linux-musl.tar.gz"
signer = "sigstore-oidc:https://github.com/jdx/hk/.github/workflows/release.yml"

[tools.hk."platforms.linux-x64"]
checksum = "sha256:f14d0290a07f82911f32ea5e4a91dd80d90abb852488912b1ade9b240f70d615"
url = "https://github.com/jdx/hk/releases/download/v2.0.1/hk-x86_64-unknown-linux-gnu.tar.gz"
signer = "sigstore-oidc:https://github.com/jdx/hk/.github/workflows/release.yml"

[tools.hk."platforms.linux-x64-musl"]
checksum = "sha256:76269248e27114f361d533551ffca757e58a1d4abe880fd008df16d19128ea97"
url = "https://github.com/jdx/hk/releases/download/v2.0.1/hk-x86_64-unknown-linux-musl.tar.gz"
signer = "sigstore-oidc:https://github.com/jdx/hk/.github/workflows/release.yml"

[tools.hk."platforms.macos-arm64"]
checksum = "sha256:6ec393f898f562f76c4839a910356b4afec6740eff23f18ebdf8cf41c793a461"
url = "https://github.com/jdx/hk/releases/download/v2.0.1/hk-aarch64-apple-darwin.tar.gz"
signer = "sigstore-oidc:https://github.com/jdx/hk/.github/workflows/release.yml"

[tools.hk."platforms.windows-x64"]
checksum = "sha256:b3cb8ab5958393faacefabfb3a402060eb256b1fda8e1f83c74c3fc877ebff8f"
url = "https://github.com/jdx/hk/releases/download/v2.0.1/hk-x86_64-pc-windows-msvc.zip"
signer = "sigstore-oidc:https://github.com/jdx/hk/.github/workflows/release.yml"

[[tools.lychee]]
version = "0.24.2"
backend = "aqua:lycheeverse/lychee"
specifiers = ["latest"]

[tools.lychee."platforms.linux-arm64"]
checksum = "sha256:91a7bd65685da41b90ccb9bc867a3d649a7818042dae04ff405e55a25bddee4c"
url = "https://github.com/lycheeverse/lychee/releases/download/lychee-v0.24.2/lychee-aarch64-unknown-linux-gnu.tar.gz"
url_api = "https://api.github.com/repos/lycheeverse/lychee/releases/assets/409959442"

[tools.lychee."platforms.linux-arm64-musl"]
checksum = "sha256:5d0b0e3aeab240f41920c633a6eaf97599be6eedda034b36e858ede7dba5e535"
url = "https://github.com/lycheeverse/lychee/releases/download/lychee-v0.24.2/lychee-aarch64-unknown-linux-musl.tar.gz"
url_api = "https://api.github.com/repos/lycheeverse/lychee/releases/assets/409958602"

[tools.lychee."platforms.linux-x64"]
checksum = "sha256:1f4e0ef7f6554a6ed33dd7ac144fb2e1bbed98598e7af973042fc5cd43951c9a"
url = "https://github.com/lycheeverse/lychee/releases/download/lychee-v0.24.2/lychee-x86_64-unknown-linux-gnu.tar.gz"
url_api = "https://api.github.com/repos/lycheeverse/lychee/releases/assets/409959156"

[tools.lychee."platforms.linux-x64-musl"]
checksum = "sha256:73657a111819a30c47c08352896796f23d64e4eb2b3ed39b6d32149241566fc5"
url = "https://github.com/lycheeverse/lychee/releases/download/lychee-v0.24.2/lychee-x86_64-unknown-linux-musl.tar.gz"
url_api = "https://api.github.com/repos/lycheeverse/lychee/releases/assets/409959271"

[tools.lychee."platforms.macos-arm64"]
checksum = "sha256:c9d3740ea2d891854d37116c9fba840f37b6e7c89d330e7db84ac333631c4977"
url = "https://github.com/lycheeverse/lychee/releases/download/lychee-v0.24.2/lychee-aarch64-apple-darwin.tar.gz"
url_api = "https://api.github.com/repos/lycheeverse/lychee/releases/assets/409957951"

[tools.lychee."platforms.macos-x64"]
checksum = "sha256:887503a9cff667d322b8d0892b40bf49976eb9507af8483220a3706cdad55978"
url = "https://github.com/lycheeverse/lychee/releases/download/lychee-v0.24.2/lychee-x86_64-apple-darwin.tar.gz"
url_api = "https://api.github.com/repos/lycheeverse/lychee/releases/assets/409957687"

[tools.lychee."platforms.windows-x64"]
checksum = "sha256:32975d1493ee1a975d6bb41e4fb56fe419cb442ded628bb772ba2e614acfacad"
url = "https://github.com/lycheeverse/lychee/releases/download/lychee-v0.24.2/lychee-x86_64-pc-windows-msvc.zip"
url_api = "https://api.github.com/repos/lycheeverse/lychee/releases/assets/409959491"

[[tools.mold]]
version = "2.42.1"
backend = "aqua:rui314/mold"
specifiers = ["latest"]

[tools.mold."platforms.linux-arm64"]
checksum = "sha256:16b025652d3d7456689e6025a77e1903bb2a15e7630877c26cc133f5df95b9c6"
url = "https://github.com/rui314/mold/releases/download/v2.42.1/mold-2.42.1-aarch64-linux.tar.gz"
url_api = "https://api.github.com/repos/rui314/mold/releases/assets/557035958"

[tools.mold."platforms.linux-arm64-musl"]
checksum = "sha256:16b025652d3d7456689e6025a77e1903bb2a15e7630877c26cc133f5df95b9c6"
url = "https://github.com/rui314/mold/releases/download/v2.42.1/mold-2.42.1-aarch64-linux.tar.gz"
url_api = "https://api.github.com/repos/rui314/mold/releases/assets/557035958"

[tools.mold."platforms.linux-x64"]
checksum = "sha256:6ff270c9bf07d2bec5c98aa324eb7c4daf6a1a4d815c05ff1708049616047855"
url = "https://github.com/rui314/mold/releases/download/v2.42.1/mold-2.42.1-x86_64-linux.tar.gz"
url_api = "https://api.github.com/repos/rui314/mold/releases/assets/557036001"

[tools.mold."platforms.linux-x64-musl"]
checksum = "sha256:6ff270c9bf07d2bec5c98aa324eb7c4daf6a1a4d815c05ff1708049616047855"
url = "https://github.com/rui314/mold/releases/download/v2.42.1/mold-2.42.1-x86_64-linux.tar.gz"
url_api = "https://api.github.com/repos/rui314/mold/releases/assets/557036001"

[tools.mold."platforms.windows-x64"]
checksum = "sha256:ce38c5d5d6a5169e05883d598592b367976a9575abfafcdc49889fcc788b51c0"
url = "https://github.com/rui314/mold/releases/download/v2.42.1/mold-2.42.1-x86_64-windows.zip"
url_api = "https://api.github.com/repos/rui314/mold/releases/assets/557036000"

[[tools.node]]
version = "24.21.0"
backend = "core:node"
specifiers = ["lts"]

[tools.node."platforms.linux-arm64"]
checksum = "sha256:724282c3b43aec998aa9527380465b45d229e021b58035f5f4f63095eabfe5d5"
url = "https://nodejs.org/dist/v24.21.0/node-v24.21.0-linux-arm64.tar.gz"

[tools.node."platforms.linux-arm64-musl"]
checksum = "sha256:3048b0811e158ca0d8672b59c839861763e144492980d8d29b369dfee45747e4"
url = "https://unofficial-builds.nodejs.org/download/release/v24.21.0/node-v24.21.0-linux-arm64-musl.tar.gz"

[tools.node."platforms.linux-x64"]
checksum = "sha256:6e1db87ef58b8819e5d5402eff1536491b18edd8eb7bee5ef7897876e88dc5ff"
url = "https://nodejs.org/dist/v24.21.0/node-v24.21.0-linux-x64.tar.gz"

[tools.node."platforms.linux-x64-musl"]
checksum = "sha256:01a713e34da98e7b4d2a3191ee7ca3f93dd0384d1a2ef23c379b2161ee6e133a"
url = "https://unofficial-builds.nodejs.org/download/release/v24.21.0/node-v24.21.0-linux-x64-musl.tar.gz"

[tools.node."platforms.macos-arm64"]
checksum = "sha256:bed7eea5325e1108f32ce5228ddd6a5f0f08a499ee42aa7442aea583702f6057"
url = "https://nodejs.org/dist/v24.21.0/node-v24.21.0-darwin-arm64.tar.gz"

[tools.node."platforms.macos-x64"]
checksum = "sha256:1462cb3b3046b815cf8ea436d3da450ec1a9f11dac7e5a46b0ada5305d7e8097"
url = "https://nodejs.org/dist/v24.21.0/node-v24.21.0-darwin-x64.tar.gz"

[tools.node."platforms.windows-x64"]
checksum = "sha256:158f7685b44de51f6c0df1d153526cbcd3e1bc739a8dfc607721cef75de9e541"
url = "https://nodejs.org/dist/v24.21.0/node-v24.21.0-win-x64.zip"

[[tools.pkl]]
version = "0.32.1"
backend = "aqua:apple/pkl"
specifiers = ["latest"]

[tools.pkl."platforms.linux-arm64"]
checksum = "sha256:a76d2dd47da435a8f911b0347373f47c7e59ea54fb75ff846d20b8df10dba058"
url = "https://github.com/apple/pkl/releases/download/0.32.1/pkl-linux-aarch64"
url_api = "https://api.github.com/repos/apple/pkl/releases/assets/487426568"

[tools.pkl."platforms.linux-arm64-musl"]
checksum = "sha256:a76d2dd47da435a8f911b0347373f47c7e59ea54fb75ff846d20b8df10dba058"
url = "https://github.com/apple/pkl/releases/download/0.32.1/pkl-linux-aarch64"
url_api = "https://api.github.com/repos/apple/pkl/releases/assets/487426568"

[tools.pkl."platforms.linux-x64"]
checksum = "sha256:3180b62da95c0cad1d904e9bb6c5f4a8f9032413c21e53194bb91ff1ee5f3211"
url = "https://github.com/apple/pkl/releases/download/0.32.1/pkl-linux-amd64"
url_api = "https://api.github.com/repos/apple/pkl/releases/assets/487426567"

[tools.pkl."platforms.linux-x64-musl"]
checksum = "sha256:3180b62da95c0cad1d904e9bb6c5f4a8f9032413c21e53194bb91ff1ee5f3211"
url = "https://github.com/apple/pkl/releases/download/0.32.1/pkl-linux-amd64"
url_api = "https://api.github.com/repos/apple/pkl/releases/assets/487426567"

[tools.pkl."platforms.macos-arm64"]
checksum = "sha256:563eb51c9a20b16a3625464ed745c675ed9750381f2126722696a0d7cac1d9d3"
url = "https://github.com/apple/pkl/releases/download/0.32.1/pkl-macos-aarch64"
url_api = "https://api.github.com/repos/apple/pkl/releases/assets/487426570"

[tools.pkl."platforms.macos-x64"]
checksum = "sha256:5b74b903234047960144f66f2cebdd12d267d9b98e8155ed91d2ae5ed27e2d1f"
url = "https://github.com/apple/pkl/releases/download/0.32.1/pkl-macos-amd64"
url_api = "https://api.github.com/repos/apple/pkl/releases/assets/487426599"

[tools.pkl."platforms.windows-x64"]
checksum = "sha256:8550a00fcf027335e42c5e2cd553b88e98845408cb1880b3e3d1860caf46d22a"
url = "https://github.com/apple/pkl/releases/download/0.32.1/pkl-windows-amd64.exe"
url_api = "https://api.github.com/repos/apple/pkl/releases/assets/487426668"

[[tools.rust]]
version = "nightly-2026-09-18"
backend = "core:rust"
specifiers = ["nightly-2026-09-18"]

[tools.rust.options]
components = "llvm-tools,rust-src,rustfmt"

[[tools.rust]]
version = "stable"
backend = "core:rust"
specifiers = ["stable"]

[tools.rust.options]
components = "llvm-tools,rust-analyzer,rust-src"
profile = "default"
targets = "aarch64-apple-darwin,wasm32-unknown-unknown,wasm32-wasip2"

[[tools.shellcheck]]
version = "0.11.0"
backend = "aqua:koalaman/shellcheck"
specifiers = ["latest"]

[tools.shellcheck."platforms.linux-arm64"]
checksum = "sha256:12b331c1d2db6b9eb13cfca64306b1b157a86eb69db83023e261eaa7e7c14588"
url = "https://github.com/koalaman/shellcheck/releases/download/v0.11.0/shellcheck-v0.11.0.linux.aarch64.tar.xz"
url_api = "https://api.github.com/repos/koalaman/shellcheck/releases/assets/279056934"

[tools.shellcheck."platforms.linux-arm64-musl"]
checksum = "sha256:12b331c1d2db6b9eb13cfca64306b1b157a86eb69db83023e261eaa7e7c14588"
url = "https://github.com/koalaman/shellcheck/releases/download/v0.11.0/shellcheck-v0.11.0.linux.aarch64.tar.xz"
url_api = "https://api.github.com/repos/koalaman/shellcheck/releases/assets/279056934"

[tools.shellcheck."platforms.linux-x64"]
checksum = "sha256:8c3be12b05d5c177a04c29e3c78ce89ac86f1595681cab149b65b97c4e227198"
url = "https://github.com/koalaman/shellcheck/releases/download/v0.11.0/shellcheck-v0.11.0.linux.x86_64.tar.xz"
url_api = "https://api.github.com/repos/koalaman/shellcheck/releases/assets/279056942"

[tools.shellcheck."platforms.linux-x64-musl"]
checksum = "sha256:8c3be12b05d5c177a04c29e3c78ce89ac86f1595681cab149b65b97c4e227198"
url = "https://github.com/koalaman/shellcheck/releases/download/v0.11.0/shellcheck-v0.11.0.linux.x86_64.tar.xz"
url_api = "https://api.github.com/repos/koalaman/shellcheck/releases/assets/279056942"

[tools.shellcheck."platforms.macos-arm64"]
checksum = "sha256:56affdd8de5527894dca6dc3d7e0a99a873b0f004d7aabc30ae407d3f48b0a79"
url = "https://github.com/koalaman/shellcheck/releases/download/v0.11.0/shellcheck-v0.11.0.darwin.aarch64.tar.xz"
url_api = "https://api.github.com/repos/koalaman/shellcheck/releases/assets/279056932"

[tools.shellcheck."platforms.macos-x64"]
checksum = "sha256:3c89db4edcab7cf1c27bff178882e0f6f27f7afdf54e859fa041fca10febe4c6"
url = "https://github.com/koalaman/shellcheck/releases/download/v0.11.0/shellcheck-v0.11.0.darwin.x86_64.tar.xz"
url_api = "https://api.github.com/repos/koalaman/shellcheck/releases/assets/279056930"

[tools.shellcheck."platforms.windows-x64"]
checksum = "sha256:8a4e35ab0b331c85d73567b12f2a444df187f483e5079ceffa6bda1faa2e740e"
url = "https://github.com/koalaman/shellcheck/releases/download/v0.11.0/shellcheck-v0.11.0.zip"
url_api = "https://api.github.com/repos/koalaman/shellcheck/releases/assets/279056944"
